
Microsoft Visual Studio Solution File, Format Version 12.00
# Visual Studio Version 17
VisualStudioVersion = 17.7.34018.315
MinimumVisualStudioVersion = 10.0.40219.1
Project("{FAE04EC0-301F-11D3-BF4B-00C04F79EFBC}") = "Laboratiorio 2", "Laboratiorio 2.csproj", "{F18A7B19-C58F-4DFF-B1C4-333FF8657068}"
EndProject
Global
	GlobalSection(SolutionConfigurationPlatforms) = preSolution
		Debug|Any CPU = Debug|Any CPU
		Release|Any CPU = Release|Any CPU
	EndGlobalSection
	GlobalSection(ProjectConfigurationPlatforms) = postSolution
		{F18A7B19-C58F-4DFF-B1C4-333FF8657068}.Debug|Any CPU.ActiveCfg = Debug|Any CPU
		{F18A7B19-C58F-4DFF-B1C4-333FF8657068}.Debug|Any CPU.Build.0 = Debug|Any CPU
		{F18A7B19-C58F-4DFF-B1C4-333FF8657068}.Release|Any CPU.ActiveCfg = Release|Any CPU
		{F18A7B19-C58F-4DFF-B1C4-333FF8657068}.Release|Any CPU.Build.0 = Release|Any CPU
	EndGlobalSection
	GlobalSection(SolutionProperties) = preSolution
		HideSolutionNode = FALSE
	EndGlobalSection
	GlobalSection(ExtensibilityGlobals) = postSolution
		SolutionGuid = {BBFF2327-770A-4CC2-8FB4-E535B5BD7B35}
	EndGlobalSection
EndGlobal
